
Microsoft Visual Studio Solution File, Format Version 12.00
# Visual Studio Version 16
VisualStudioVersion = 25.0.1705.0
MinimumVisualStudioVersion = 10.0.40219.1
Project("{FAE04EC0-301F-11D3-BF4B-00C04F79EFBC}") = "EKUTSOV.API", "EKUTSOV.API\EKUTSOV.API.csproj", "{29BE347B-0833-4E0C-BBA7-6C796D6D4E7A}"
EndProject
Project("{FAE04EC0-301F-11D3-BF4B-00C04F79EFBC}") = "EKUTSOV.Core", "EKUTSOV.Core\EKUTSOV.Core.csproj", "{E34973B1-867C-4605-A15C-8F81E1AC24B4}"
EndProject
Project("{FAE04EC0-301F-11D3-BF4B-00C04F79EFBC}") = "EKUTSOV.Infrastructure", "EKUTSOV.Infrastructure\EKUTSOV.Infrastructure.csproj", "{3256C40E-47DA-4B42-AA1D-CC67CCE7F997}"
EndProject
Project("{FAE04EC0-301F-11D3-BF4B-00C04F79EFBC}") = "EKUTSOV.Domain", "EKUTSOV.Domain\EKUTSOV.Domain.csproj", "{625342E1-2E85-4B76-A12E-CA972920F6C1}"
EndProject
#if (!disableTests)
Project("{2150E333-8FDC-42A3-9474-1A3956D46DE8}") = "tests", "tests", "{3AD2A6BB-DE87-42FC-80E9-6C2BA47878DD}"
EndProject
Project("{2150E333-8FDC-42A3-9474-1A3956D46DE8}") = "UnitTests", "UnitTests", "{14C9A80F-CE43-47EC-BB91-412C02EE91B7}"
EndProject
Project("{FAE04EC0-301F-11D3-BF4B-00C04F79EFBC}") = "EKUTSOV.API.UnitTests", "tests\UnitTests\EKUTSOV.API.UnitTests\EKUTSOV.API.UnitTests.csproj", "{E99AFB71-5E4D-4490-AA98-76A5EF0FEF10}"
EndProject
Project("{FAE04EC0-301F-11D3-BF4B-00C04F79EFBC}") = "EKUTSOV.Core.UnitTests", "tests\UnitTests\EKUTSOV.Core.UnitTests\EKUTSOV.Core.UnitTests.csproj", "{16AB85A2-0AF8-490F-8C09-E8B90983DBBF}"
EndProject
Project("{FAE04EC0-301F-11D3-BF4B-00C04F79EFBC}") = "EKUTSOV.UnitTests.Shared", "Tests\UnitTests\EKUTSOV.UnitTests.Shared\EKUTSOV.UnitTests.Shared.csproj", "{CBA73FF7-26DF-4F99-BE1A-4CB3BBCE0A3B}"
EndProject
#endif
Global
	GlobalSection(SolutionConfigurationPlatforms) = preSolution
		Debug|Any CPU = Debug|Any CPU
		Release|Any CPU = Release|Any CPU
	EndGlobalSection
	GlobalSection(ProjectConfigurationPlatforms) = postSolution
		{29BE347B-0833-4E0C-BBA7-6C796D6D4E7A}.Debug|Any CPU.ActiveCfg = Debug|Any CPU
		{29BE347B-0833-4E0C-BBA7-6C796D6D4E7A}.Debug|Any CPU.Build.0 = Debug|Any CPU
		{29BE347B-0833-4E0C-BBA7-6C796D6D4E7A}.Release|Any CPU.ActiveCfg = Release|Any CPU
		{29BE347B-0833-4E0C-BBA7-6C796D6D4E7A}.Release|Any CPU.Build.0 = Release|Any CPU
		{E34973B1-867C-4605-A15C-8F81E1AC24B4}.Debug|Any CPU.ActiveCfg = Debug|Any CPU
		{E34973B1-867C-4605-A15C-8F81E1AC24B4}.Debug|Any CPU.Build.0 = Debug|Any CPU
		{E34973B1-867C-4605-A15C-8F81E1AC24B4}.Release|Any CPU.ActiveCfg = Release|Any CPU
		{E34973B1-867C-4605-A15C-8F81E1AC24B4}.Release|Any CPU.Build.0 = Release|Any CPU
		{3256C40E-47DA-4B42-AA1D-CC67CCE7F997}.Debug|Any CPU.ActiveCfg = Debug|Any CPU
		{3256C40E-47DA-4B42-AA1D-CC67CCE7F997}.Debug|Any CPU.Build.0 = Debug|Any CPU
		{3256C40E-47DA-4B42-AA1D-CC67CCE7F997}.Release|Any CPU.ActiveCfg = Release|Any CPU
		{3256C40E-47DA-4B42-AA1D-CC67CCE7F997}.Release|Any CPU.Build.0 = Release|Any CPU
		{625342E1-2E85-4B76-A12E-CA972920F6C1}.Debug|Any CPU.ActiveCfg = Debug|Any CPU
		{625342E1-2E85-4B76-A12E-CA972920F6C1}.Debug|Any CPU.Build.0 = Debug|Any CPU
		{625342E1-2E85-4B76-A12E-CA972920F6C1}.Release|Any CPU.ActiveCfg = Release|Any CPU
		{625342E1-2E85-4B76-A12E-CA972920F6C1}.Release|Any CPU.Build.0 = Release|Any CPU
		{733FCB6B-E523-46D7-88B2-10587F837C98}.Debug|Any CPU.ActiveCfg = Debug|Any CPU
		{733FCB6B-E523-46D7-88B2-10587F837C98}.Debug|Any CPU.Build.0 = Debug|Any CPU
		{733FCB6B-E523-46D7-88B2-10587F837C98}.Release|Any CPU.ActiveCfg = Release|Any CPU
		{733FCB6B-E523-46D7-88B2-10587F837C98}.Release|Any CPU.Build.0 = Release|Any CPU
		{E99AFB71-5E4D-4490-AA98-76A5EF0FEF10}.Debug|Any CPU.ActiveCfg = Debug|Any CPU
		{E99AFB71-5E4D-4490-AA98-76A5EF0FEF10}.Debug|Any CPU.Build.0 = Debug|Any CPU
		{E99AFB71-5E4D-4490-AA98-76A5EF0FEF10}.Release|Any CPU.ActiveCfg = Release|Any CPU
		{E99AFB71-5E4D-4490-AA98-76A5EF0FEF10}.Release|Any CPU.Build.0 = Release|Any CPU
		{16AB85A2-0AF8-490F-8C09-E8B90983DBBF}.Debug|Any CPU.ActiveCfg = Debug|Any CPU
		{16AB85A2-0AF8-490F-8C09-E8B90983DBBF}.Debug|Any CPU.Build.0 = Debug|Any CPU
		{16AB85A2-0AF8-490F-8C09-E8B90983DBBF}.Release|Any CPU.ActiveCfg = Release|Any CPU
		{16AB85A2-0AF8-490F-8C09-E8B90983DBBF}.Release|Any CPU.Build.0 = Release|Any CPU
		{CBA73FF7-26DF-4F99-BE1A-4CB3BBCE0A3B}.Debug|Any CPU.ActiveCfg = Debug|Any CPU
		{CBA73FF7-26DF-4F99-BE1A-4CB3BBCE0A3B}.Debug|Any CPU.Build.0 = Debug|Any CPU
		{CBA73FF7-26DF-4F99-BE1A-4CB3BBCE0A3B}.Release|Any CPU.ActiveCfg = Release|Any CPU
		{CBA73FF7-26DF-4F99-BE1A-4CB3BBCE0A3B}.Release|Any CPU.Build.0 = Release|Any CPU
	EndGlobalSection
	GlobalSection(SolutionProperties) = preSolution
		HideSolutionNode = FALSE
	EndGlobalSection
	GlobalSection(ExtensibilityGlobals) = postSolution
		SolutionGuid = {895C619C-7DE7-4404-94E5-C06E2F0B1E7E}
	EndGlobalSection
    #if (!disableTests)
	GlobalSection(NestedProjects) = preSolution
		{14C9A80F-CE43-47EC-BB91-412C02EE91B7} = {3AD2A6BB-DE87-42FC-80E9-6C2BA47878DD}
		{E99AFB71-5E4D-4490-AA98-76A5EF0FEF10} = {14C9A80F-CE43-47EC-BB91-412C02EE91B7}
		{16AB85A2-0AF8-490F-8C09-E8B90983DBBF} = {14C9A80F-CE43-47EC-BB91-412C02EE91B7}
		{CBA73FF7-26DF-4F99-BE1A-4CB3BBCE0A3B} = {14C9A80F-CE43-47EC-BB91-412C02EE91B7}
	EndGlobalSection
	#endif
EndGlobal
